
Microsoft Visual Studio Solution File, Format Version 12.00
# Visual Studio 15
VisualStudioVersion = 15.0.28307.106
MinimumVisualStudioVersion = 10.0.40219.1
Project("{FAE04EC0-301F-11D3-BF4B-00C04F79EFBC}") = "apcFeLimitStringLength", "apcFeLimitStringLength\apcFeLimitStringLength.csproj", "{AA4059CE-CBDA-46CA-9453-146B0CED0B1C}"
EndProject
Global
	GlobalSection(SolutionConfigurationPlatforms) = preSolution
		Debug|Any CPU = Debug|Any CPU
		Release|Any CPU = Release|Any CPU
	EndGlobalSection
	GlobalSection(ProjectConfigurationPlatforms) = postSolution
		{AA4059CE-CBDA-46CA-9453-146B0CED0B1C}.Debug|Any CPU.ActiveCfg = Debug|Any CPU
		{AA4059CE-CBDA-46CA-9453-146B0CED0B1C}.Debug|Any CPU.Build.0 = Debug|Any CPU
		{AA4059CE-CBDA-46CA-9453-146B0CED0B1C}.Release|Any CPU.ActiveCfg = Release|Any CPU
		{AA4059CE-CBDA-46CA-9453-146B0CED0B1C}.Release|Any CPU.Build.0 = Release|Any CPU
	EndGlobalSection
	GlobalSection(SolutionProperties) = preSolution
		HideSolutionNode = FALSE
	EndGlobalSection
	GlobalSection(ExtensibilityGlobals) = postSolution
		SolutionGuid = {77B70D93-AC7B-4E3A-BE70-1F0AF6415304}
	EndGlobalSection
EndGlobal
